
Microsoft Visual Studio Solution File, Format Version 12.00
# Visual Studio Version 16
VisualStudioVersion = 16.0.30717.126
MinimumVisualStudioVersion = 10.0.40219.1
Project("{9A19103F-16F7-4668-BE54-9A1E7A4F7556}") = "GandoTechConsoleApp", "GandoTechConsoleApp\GandoTechConsoleApp.csproj", "{D350F77D-BB61-4920-A251-ED07D29A6BE4}"
EndProject
Project("{FAE04EC0-301F-11D3-BF4B-00C04F79EFBC}") = "GandoTechConsoleApp.Tests", "GandoTechConsoleApp.Tests\GandoTechConsoleApp.Tests.csproj", "{712A3EB9-1675-4269-8F92-DDB8DDC44CF5}"
EndProject
Global
	GlobalSection(SolutionConfigurationPlatforms) = preSolution
		Debug|Any CPU = Debug|Any CPU
		Release|Any CPU = Release|Any CPU
	EndGlobalSection
	GlobalSection(ProjectConfigurationPlatforms) = postSolution
		{D350F77D-BB61-4920-A251-ED07D29A6BE4}.Debug|Any CPU.ActiveCfg = Debug|Any CPU
		{D350F77D-BB61-4920-A251-ED07D29A6BE4}.Debug|Any CPU.Build.0 = Debug|Any CPU
		{D350F77D-BB61-4920-A251-ED07D29A6BE4}.Release|Any CPU.ActiveCfg = Release|Any CPU
		{D350F77D-BB61-4920-A251-ED07D29A6BE4}.Release|Any CPU.Build.0 = Release|Any CPU
		{712A3EB9-1675-4269-8F92-DDB8DDC44CF5}.Debug|Any CPU.ActiveCfg = Debug|Any CPU
		{712A3EB9-1675-4269-8F92-DDB8DDC44CF5}.Debug|Any CPU.Build.0 = Debug|Any CPU
		{712A3EB9-1675-4269-8F92-DDB8DDC44CF5}.Release|Any CPU.ActiveCfg = Release|Any CPU
		{712A3EB9-1675-4269-8F92-DDB8DDC44CF5}.Release|Any CPU.Build.0 = Release|Any CPU
	EndGlobalSection
	GlobalSection(SolutionProperties) = preSolution
		HideSolutionNode = FALSE
	EndGlobalSection
	GlobalSection(ExtensibilityGlobals) = postSolution
		SolutionGuid = {B0BEFBCB-70EA-4C4A-84CF-1D3A6EB35CFA}
	EndGlobalSection
EndGlobal
